
Microsoft Visual Studio Solution File, Format Version 12.00
# Visual Studio Version 17
VisualStudioVersion = 17.0.32112.339
MinimumVisualStudioVersion = 10.0.40219.1
Project("{FAE04EC0-301F-11D3-BF4B-00C04F79EFBC}") = "HolePlugin", "HolePlugin\HolePlugin.csproj", "{D532B0CE-D8F2-484C-BC44-A5D2ABBBB513}"
EndProject
Global
	GlobalSection(SolutionConfigurationPlatforms) = preSolution
		Debug|Any CPU = Debug|Any CPU
		Release|Any CPU = Release|Any CPU
	EndGlobalSection
	GlobalSection(ProjectConfigurationPlatforms) = postSolution
		{D532B0CE-D8F2-484C-BC44-A5D2ABBBB513}.Debug|Any CPU.ActiveCfg = Debug|Any CPU
		{D532B0CE-D8F2-484C-BC44-A5D2ABBBB513}.Debug|Any CPU.Build.0 = Debug|Any CPU
		{D532B0CE-D8F2-484C-BC44-A5D2ABBBB513}.Release|Any CPU.ActiveCfg = Release|Any CPU
		{D532B0CE-D8F2-484C-BC44-A5D2ABBBB513}.Release|Any CPU.Build.0 = Release|Any CPU
	EndGlobalSection
	GlobalSection(SolutionProperties) = preSolution
		HideSolutionNode = FALSE
	EndGlobalSection
	GlobalSection(ExtensibilityGlobals) = postSolution
		SolutionGuid = {1F65BC0C-9B87-4A2B-85F7-E1E233745BD7}
	EndGlobalSection
EndGlobal
